{
  "name": "afk-bot",
  "version": "1.0.0",
  "lockfileVersion": 2,
  "requires": true,
  "packages": {
    "": {
      "name": "afk-bot",
      "version": "1.0.0",
      "dependencies": {
        "mineflayer": "^4.7.0"
      }
    },
    "node_modules/mineflayer": {
      "version": "4.7.0",
      "resolved": "https://registry.npmjs.org/mineflayer/-/mineflayer-4.7.0.tgz",
      "integrity": "sha512-CYJrNN3CJ8Rt7ddAVaTwlJytfSn2Z1hniMVmJ/ALUX3p4nBWJdNi8xvq+ZOnxsZt4ZQWWGaM8smP3sMK6Wr4iA==",
      "engines": {
        "node": ">=12.0.0"
      }
    }
  },
  "dependencies": {
    "mineflayer": {
      "version": "4.7.0",
      "resolved": "https://registry.npmjs.org/mineflayer/-/mineflayer-4.7.0.tgz",
      "integrity": "sha512-CYJrNN3CJ8Rt7ddAVaTwlJytfSn2Z1hniMVmJ/ALUX3p4nBWJdNi8xvq+ZOnxsZt4ZQWWGaM8smP3sMK6Wr4iA=="
    }
  }
}
